{
  "name": "nmmes-simple-rpc",
  "version": "0.0.1",
  "lockfileVersion": 1,
  "requires": true,
  "dependencies": {
    "async-limiter": {
      "version": "1.0.0",
      "resolved": "https://registry.npmjs.org/async-limiter/-/async-limiter-1.0.0.tgz",
      "integrity": "sha512-jp/uFnooOiO+L211eZOoSyzpOITMXx1rBITauYykG3BRYPu8h0UcxsPNB04RR5vo4Tyz3+ay17tR6JVf9qzYWg=="
    },
    "es6-promisify": {
      "version": "6.0.0",
      "resolved": "https://registry.npmjs.org/es6-promisify/-/es6-promisify-6.0.0.tgz",
      "integrity": "sha512-8Tbqjrb8lC85dd81haajYwuRmiU2rkqNAFnlvQOJeeKqdUloIlI+JcUqeJruV4rCm5Y7oNU7jfs2FbmxhRR/2g=="
    },
    "isomorphic-ws": {
      "version": "4.0.0",
      "resolved": "https://registry.npmjs.org/isomorphic-ws/-/isomorphic-ws-4.0.0.tgz",
      "integrity": "sha512-jC4AzyLJxhgAr9OoI0ya5pT74cowiQui150oWxU18MNV4bMzYR3X67Q0gLwfUVSKpMSb+S1tTEkdDIw5QARp0g=="
    },
    "ws": {
      "version": "5.1.1",
      "resolved": "https://registry.npmjs.org/ws/-/ws-5.1.1.tgz",
      "integrity": "sha512-bOusvpCb09TOBLbpMKszd45WKC2KPtxiyiHanv+H2DE3Az+1db5a/L7sVJZVDPUC1Br8f0SKRr1KjLpD1U/IAw==",
      "requires": {
        "async-limiter": "1.0.0"
      }
    }
  }
}
